
Microsoft Visual Studio Solution File, Format Version 12.00
# Visual Studio Version 17
VisualStudioVersion = 17.12.35707.178 d17.12
MinimumVisualStudioVersion = 10.0.40219.1
Project("{FAE04EC0-301F-11D3-BF4B-00C04F79EFBC}") = "aula1", "aula1\aula1.csproj", "{343EF5A2-8C34-4619-AF10-366A0989961D}"
EndProject
Global
	GlobalSection(SolutionConfigurationPlatforms) = preSolution
		Debug|Any CPU = Debug|Any CPU
		Release|Any CPU = Release|Any CPU
	EndGlobalSection
	GlobalSection(ProjectConfigurationPlatforms) = postSolution
		{343EF5A2-8C34-4619-AF10-366A0989961D}.Debug|Any CPU.ActiveCfg = Debug|Any CPU
		{343EF5A2-8C34-4619-AF10-366A0989961D}.Debug|Any CPU.Build.0 = Debug|Any CPU
		{343EF5A2-8C34-4619-AF10-366A0989961D}.Release|Any CPU.ActiveCfg = Release|Any CPU
		{343EF5A2-8C34-4619-AF10-366A0989961D}.Release|Any CPU.Build.0 = Release|Any CPU
	EndGlobalSection
	GlobalSection(SolutionProperties) = preSolution
		HideSolutionNode = FALSE
	EndGlobalSection
EndGlobal
