
Microsoft Visual Studio Solution File, Format Version 12.00
# Visual Studio Version 17
VisualStudioVersion = 17.12.35707.178 d17.12
MinimumVisualStudioVersion = 10.0.40219.1
Project("{FAE04EC0-301F-11D3-BF4B-00C04F79EFBC}") = "SistemaAcademico", "SistemaAcademico\SistemaAcademico.csproj", "{EE84E932-9898-42B0-A7C5-5878F59FEA3B}"
EndProject
Global
	GlobalSection(SolutionConfigurationPlatforms) = preSolution
		Debug|Any CPU = Debug|Any CPU
		Release|Any CPU = Release|Any CPU
	EndGlobalSection
	GlobalSection(ProjectConfigurationPlatforms) = postSolution
		{EE84E932-9898-42B0-A7C5-5878F59FEA3B}.Debug|Any CPU.ActiveCfg = Debug|Any CPU
		{EE84E932-9898-42B0-A7C5-5878F59FEA3B}.Debug|Any CPU.Build.0 = Debug|Any CPU
		{EE84E932-9898-42B0-A7C5-5878F59FEA3B}.Release|Any CPU.ActiveCfg = Release|Any CPU
		{EE84E932-9898-42B0-A7C5-5878F59FEA3B}.Release|Any CPU.Build.0 = Release|Any CPU
	EndGlobalSection
	GlobalSection(SolutionProperties) = preSolution
		HideSolutionNode = FALSE
	EndGlobalSection
EndGlobal
