
Microsoft Visual Studio Solution File, Format Version 12.00
# Visual Studio Version 17
VisualStudioVersion = 17.13.35806.99 d17.13
MinimumVisualStudioVersion = 10.0.40219.1
Project("{FAE04EC0-301F-11D3-BF4B-00C04F79EFBC}") = "VasosInteligentes", "VasosInteligentes\VasosInteligentes.csproj", "{4A425376-7621-4C11-AE0C-5CE2E3180589}"
EndProject
Global
	GlobalSection(SolutionConfigurationPlatforms) = preSolution
		Debug|Any CPU = Debug|Any CPU
		Release|Any CPU = Release|Any CPU
	EndGlobalSection
	GlobalSection(ProjectConfigurationPlatforms) = postSolution
		{4A425376-7621-4C11-AE0C-5CE2E3180589}.Debug|Any CPU.ActiveCfg = Debug|Any CPU
		{4A425376-7621-4C11-AE0C-5CE2E3180589}.Debug|Any CPU.Build.0 = Debug|Any CPU
		{4A425376-7621-4C11-AE0C-5CE2E3180589}.Release|Any CPU.ActiveCfg = Release|Any CPU
		{4A425376-7621-4C11-AE0C-5CE2E3180589}.Release|Any CPU.Build.0 = Release|Any CPU
	EndGlobalSection
	GlobalSection(SolutionProperties) = preSolution
		HideSolutionNode = FALSE
	EndGlobalSection
	GlobalSection(ExtensibilityGlobals) = postSolution
		SolutionGuid = {F12C5AD2-C3BC-40DC-8C7F-B00956F5E571}
	EndGlobalSection
EndGlobal
